// !$*UTF8*$!
{
	archiveVersion = 1;
	classes = {
	};
	objectVersion = 48;
	objects = {

/* Begin PBXBuildFile section */
		2FAD9763203C412B000D30F8 /* config.xml in Resources */ = {isa = PBXBuildFile; fileRef = 2FAD9762203C412B000D30F8 /* config.xml */; };
		3A200C1527D64D7E00CBF02E /* AudioPlayer.swift in Sources */ = {isa = PBXBuildFile; fileRef = 3A200C1427D64D7E00CBF02E /* AudioPlayer.swift */; };
		3A90295F280968E700E1D427 /* PlaybackReport.swift in Sources */ = {isa = PBXBuildFile; fileRef = 3A90295E280968E700E1D427 /* PlaybackReport.swift */; };
		3AB34053280829BF0039308B /* Extensions.swift in Sources */ = {isa = PBXBuildFile; fileRef = 3AB34052280829BF0039308B /* Extensions.swift */; };
		3AB34055280832720039308B /* PlayerEvents.swift in Sources */ = {isa = PBXBuildFile; fileRef = 3AB34054280832720039308B /* PlayerEvents.swift */; };
		3ABF580928059BAE005DFBE5 /* PlaybackSession.swift in Sources */ = {isa = PBXBuildFile; fileRef = 3ABF580828059BAE005DFBE5 /* PlaybackSession.swift */; };
		3ABF618F2804325C0070250E /* PlayerHandler.swift in Sources */ = {isa = PBXBuildFile; fileRef = 3ABF618E2804325C0070250E /* PlayerHandler.swift */; };
		3AD4FCE528043E50006DB301 /* AbsDatabase.swift in Sources */ = {isa = PBXBuildFile; fileRef = 3AD4FCE428043E50006DB301 /* AbsDatabase.swift */; };
		3AD4FCE728043E72006DB301 /* AbsDatabase.m in Sources */ = {isa = PBXBuildFile; fileRef = 3AD4FCE628043E72006DB301 /* AbsDatabase.m */; };
		3AD4FCE928043FD7006DB301 /* ServerConnectionConfig.swift in Sources */ = {isa = PBXBuildFile; fileRef = 3AD4FCE828043FD7006DB301 /* ServerConnectionConfig.swift */; };
		3AD4FCEB280443DD006DB301 /* Database.swift in Sources */ = {isa = PBXBuildFile; fileRef = 3AD4FCEA280443DD006DB301 /* Database.swift */; };
		3AD4FCED28044E6C006DB301 /* Store.swift in Sources */ = {isa = PBXBuildFile; fileRef = 3AD4FCEC28044E6C006DB301 /* Store.swift */; };
		3AF1970C2806E2590096F747 /* ApiClient.swift in Sources */ = {isa = PBXBuildFile; fileRef = 3AF1970B2806E2590096F747 /* ApiClient.swift */; };
		3AF1970E2806E3CA0096F747 /* AbsAudioPlayer.swift in Sources */ = {isa = PBXBuildFile; fileRef = 3AF1970D2806E3CA0096F747 /* AbsAudioPlayer.swift */; };
		3AF197102806E3DC0096F747 /* AbsAudioPlayer.m in Sources */ = {isa = PBXBuildFile; fileRef = 3AF1970F2806E3DC0096F747 /* AbsAudioPlayer.m */; };
		3AFCB5E827EA240D00ECCC05 /* NowPlayingInfo.swift in Sources */ = {isa = PBXBuildFile; fileRef = 3AFCB5E727EA240D00ECCC05 /* NowPlayingInfo.swift */; };
		4D66B952282EE822008272D4 /* AbsDownloader.m in Sources */ = {isa = PBXBuildFile; fileRef = 4D66B951282EE822008272D4 /* AbsDownloader.m */; };
		4D66B954282EE87C008272D4 /* AbsDownloader.swift in Sources */ = {isa = PBXBuildFile; fileRef = 4D66B953282EE87C008272D4 /* AbsDownloader.swift */; };
		4D66B956282EE951008272D4 /* AbsFileSystem.m in Sources */ = {isa = PBXBuildFile; fileRef = 4D66B955282EE951008272D4 /* AbsFileSystem.m */; };
		4D66B958282EEA14008272D4 /* AbsFileSystem.swift in Sources */ = {isa = PBXBuildFile; fileRef = 4D66B957282EEA14008272D4 /* AbsFileSystem.swift */; };
		4D91EEC62A40F28D004807ED /* EBookFile.swift in Sources */ = {isa = PBXBuildFile; fileRef = 4D91EEC52A40F28D004807ED /* EBookFile.swift */; };
		4DABC04F2B0139CA000F6264 /* User.swift in Sources */ = {isa = PBXBuildFile; fileRef = 4DABC04E2B0139CA000F6264 /* User.swift */; };
		4DF74912287105C600AC7814 /* DeviceSettings.swift in Sources */ = {isa = PBXBuildFile; fileRef = 4DF74911287105C600AC7814 /* DeviceSettings.swift */; };
		50379B232058CBB4000EE86E /* capacitor.config.json in Resources */ = {isa = PBXBuildFile; fileRef = 50379B222058CBB4000EE86E /* capacitor.config.json */; };
		504EC3081FED79650016851F /* AppDelegate.swift in Sources */ = {isa = PBXBuildFile; fileRef = 504EC3071FED79650016851F /* AppDelegate.swift */; };
		504EC30D1FED79650016851F /* Main.storyboard in Resources */ = {isa = PBXBuildFile; fileRef = 504EC30B1FED79650016851F /* Main.storyboard */; };
		504EC30F1FED79650016851F /* Assets.xcassets in Resources */ = {isa = PBXBuildFile; fileRef = 504EC30E1FED79650016851F /* Assets.xcassets */; };
		504EC3121FED79650016851F /* LaunchScreen.storyboard in Resources */ = {isa = PBXBuildFile; fileRef = 504EC3101FED79650016851F /* LaunchScreen.storyboard */; };
		50B271D11FEDC1A000F3C39B /* public in Resources */ = {isa = PBXBuildFile; fileRef = 50B271D01FEDC1A000F3C39B /* public */; };
		65643F4DAA661FB0B247247E /* Pods_Audiobookshelf.framework in Frameworks */ = {isa = PBXBuildFile; fileRef = 8F9A7CCC479333E44DC314BE /* Pods_Audiobookshelf.framework */; };
		E9D5504628AC1A3900C746DD /* LibraryItem.swift in Sources */ = {isa = PBXBuildFile; fileRef = E9D5504528AC1A3900C746DD /* LibraryItem.swift */; };
		E9D5504828AC1A7A00C746DD /* MediaType.swift in Sources */ = {isa = PBXBuildFile; fileRef = E9D5504728AC1A7A00C746DD /* MediaType.swift */; };
		E9D5504A28AC1AA600C746DD /* Metadata.swift in Sources */ = {isa = PBXBuildFile; fileRef = E9D5504928AC1AA600C746DD /* Metadata.swift */; };
		E9D5504C28AC1AE000C746DD /* PodcastEpisode.swift in Sources */ = {isa = PBXBuildFile; fileRef = E9D5504B28AC1AE000C746DD /* PodcastEpisode.swift */; };
		E9D5504E28AC1B0700C746DD /* AudioFile.swift in Sources */ = {isa = PBXBuildFile; fileRef = E9D5504D28AC1B0700C746DD /* AudioFile.swift */; };
		E9D5505028AC1B3E00C746DD /* Author.swift in Sources */ = {isa = PBXBuildFile; fileRef = E9D5504F28AC1B3E00C746DD /* Author.swift */; };
		E9D5505228AC1B5D00C746DD /* Chapter.swift in Sources */ = {isa = PBXBuildFile; fileRef = E9D5505128AC1B5D00C746DD /* Chapter.swift */; };
		E9D5505428AC1B7900C746DD /* AudioTrack.swift in Sources */ = {isa = PBXBuildFile; fileRef = E9D5505328AC1B7900C746DD /* AudioTrack.swift */; };
		E9D5505628AC1BFA00C746DD /* FileMetadata.swift in Sources */ = {isa = PBXBuildFile; fileRef = E9D5505528AC1BFA00C746DD /* FileMetadata.swift */; };
		E9D5505828AC1C1A00C746DD /* Library.swift in Sources */ = {isa = PBXBuildFile; fileRef = E9D5505728AC1C1A00C746DD /* Library.swift */; };
		E9D5505A28AC1C4500C746DD /* Folder.swift in Sources */ = {isa = PBXBuildFile; fileRef = E9D5505928AC1C4500C746DD /* Folder.swift */; };
		E9D5505C28AC1C6200C746DD /* LibraryFile.swift in Sources */ = {isa = PBXBuildFile; fileRef = E9D5505B28AC1C6200C746DD /* LibraryFile.swift */; };
		E9D5505E28AC1C8500C746DD /* MediaProgress.swift in Sources */ = {isa = PBXBuildFile; fileRef = E9D5505D28AC1C8500C746DD /* MediaProgress.swift */; };
		E9D5506028AC1CA900C746DD /* PlaybackMetadata.swift in Sources */ = {isa = PBXBuildFile; fileRef = E9D5505F28AC1CA900C746DD /* PlaybackMetadata.swift */; };
		E9D5506228AC1CC900C746DD /* PlayerState.swift in Sources */ = {isa = PBXBuildFile; fileRef = E9D5506128AC1CC900C746DD /* PlayerState.swift */; };
		E9D5506628AC1D7300C746DD /* LocalLibraryItem.swift in Sources */ = {isa = PBXBuildFile; fileRef = E9D5506528AC1D7300C746DD /* LocalLibraryItem.swift */; };
		E9D5506828AC1DC300C746DD /* LocalPodcastEpisode.swift in Sources */ = {isa = PBXBuildFile; fileRef = E9D5506728AC1DC300C746DD /* LocalPodcastEpisode.swift */; };
		E9D5506A28AC1DF100C746DD /* LocalFile.swift in Sources */ = {isa = PBXBuildFile; fileRef = E9D5506928AC1DF100C746DD /* LocalFile.swift */; };
		E9D5506C28AC1E2100C746DD /* LocalMediaProgress.swift in Sources */ = {isa = PBXBuildFile; fileRef = E9D5506B28AC1E2100C746DD /* LocalMediaProgress.swift */; };
		E9D5506F28AC1E8E00C746DD /* DownloadItem.swift in Sources */ = {isa = PBXBuildFile; fileRef = E9D5506E28AC1E8E00C746DD /* DownloadItem.swift */; };
		E9D5507128AC1EC700C746DD /* DownloadItemPart.swift in Sources */ = {isa = PBXBuildFile; fileRef = E9D5507028AC1EC700C746DD /* DownloadItemPart.swift */; };
		E9D5507328AC218300C746DD /* DaoExtensions.swift in Sources */ = {isa = PBXBuildFile; fileRef = E9D5507228AC218300C746DD /* DaoExtensions.swift */; };
		E9D5507528AEF93100C746DD /* PlayerSettings.swift in Sources */ = {isa = PBXBuildFile; fileRef = E9D5507428AEF93100C746DD /* PlayerSettings.swift */; };
		E9DFCBFB28C28F4A00B36356 /* AudioPlayerSleepTimer.swift in Sources */ = {isa = PBXBuildFile; fileRef = E9DFCBFA28C28F4A00B36356 /* AudioPlayerSleepTimer.swift */; };
		E9E8814A28DA644F00D750C1 /* PlayerTimeUtils.swift in Sources */ = {isa = PBXBuildFile; fileRef = E9E8814928DA644F00D750C1 /* PlayerTimeUtils.swift */; };
		E9E8814D28DA6B9000D750C1 /* PlayerTimeUtilsTests.swift in Sources */ = {isa = PBXBuildFile; fileRef = E9E8814C28DA6B9000D750C1 /* PlayerTimeUtilsTests.swift */; };
		E9E985F828B02D9400957F23 /* PlayerProgress.swift in Sources */ = {isa = PBXBuildFile; fileRef = E9E985F728B02D9400957F23 /* PlayerProgress.swift */; };
		E9FA07E328C82848005520B0 /* Logger.swift in Sources */ = {isa = PBXBuildFile; fileRef = E9FA07E228C82848005520B0 /* Logger.swift */; };
		EACB38122BCCA1330060DA4A /* AudioPlayerRateManager.swift in Sources */ = {isa = PBXBuildFile; fileRef = EACB38112BCCA1330060DA4A /* AudioPlayerRateManager.swift */; };
		EACB38142BCCA1410060DA4A /* LegacyAudioPlayerRateManager.swift in Sources */ = {isa = PBXBuildFile; fileRef = EACB38132BCCA1410060DA4A /* LegacyAudioPlayerRateManager.swift */; };
		EACB38162BCCA1500060DA4A /* DefaultedAudioPlayerRateManager.swift in Sources */ = {isa = PBXBuildFile; fileRef = EACB38152BCCA1500060DA4A /* DefaultedAudioPlayerRateManager.swift */; };
/* End PBXBuildFile section */

/* Begin PBXContainerItemProxy section */
		E9E8813E28DA5DE500D750C1 /* PBXContainerItemProxy */ = {
			isa = PBXContainerItemProxy;
			containerPortal = 504EC2FC1FED79650016851F /* Project object */;
			proxyType = 1;
			remoteGlobalIDString = 504EC3031FED79650016851F;
			remoteInfo = Audiobookshelf;
		};
/* End PBXContainerItemProxy section */

/* Begin PBXFileReference section */
		2FAD9762203C412B000D30F8 /* config.xml */ = {isa = PBXFileReference; lastKnownFileType = text.xml; path = config.xml; sourceTree = "<group>"; };
		3A200C1427D64D7E00CBF02E /* AudioPlayer.swift */ = {isa = PBXFileReference; lastKnownFileType = sourcecode.swift; path = AudioPlayer.swift; sourceTree = "<group>"; };
		3A90295E280968E700E1D427 /* PlaybackReport.swift */ = {isa = PBXFileReference; lastKnownFileType = sourcecode.swift; path = PlaybackReport.swift; sourceTree = "<group>"; };
		3AB34052280829BF0039308B /* Extensions.swift */ = {isa = PBXFileReference; lastKnownFileType = sourcecode.swift; path = Extensions.swift; sourceTree = "<group>"; };
		3AB34054280832720039308B /* PlayerEvents.swift */ = {isa = PBXFileReference; lastKnownFileType = sourcecode.swift; path = PlayerEvents.swift; sourceTree = "<group>"; };
		3ABF580828059BAE005DFBE5 /* PlaybackSession.swift */ = {isa = PBXFileReference; lastKnownFileType = sourcecode.swift; path = PlaybackSession.swift; sourceTree = "<group>"; };
		3ABF618E2804325C0070250E /* PlayerHandler.swift */ = {isa = PBXFileReference; lastKnownFileType = sourcecode.swift; path = PlayerHandler.swift; sourceTree = "<group>"; };
		3AD4FCE428043E50006DB301 /* AbsDatabase.swift */ = {isa = PBXFileReference; lastKnownFileType = sourcecode.swift; path = AbsDatabase.swift; sourceTree = "<group>"; };
		3AD4FCE628043E72006DB301 /* AbsDatabase.m */ = {isa = PBXFileReference; lastKnownFileType = sourcecode.c.objc; path = AbsDatabase.m; sourceTree = "<group>"; };
		3AD4FCE828043FD7006DB301 /* ServerConnectionConfig.swift */ = {isa = PBXFileReference; lastKnownFileType = sourcecode.swift; path = ServerConnectionConfig.swift; sourceTree = "<group>"; };
		3AD4FCEA280443DD006DB301 /* Database.swift */ = {isa = PBXFileReference; lastKnownFileType = sourcecode.swift; path = Database.swift; sourceTree = "<group>"; };
		3AD4FCEC28044E6C006DB301 /* Store.swift */ = {isa = PBXFileReference; lastKnownFileType = sourcecode.swift; path = Store.swift; sourceTree = "<group>"; };
		3AF1970B2806E2590096F747 /* ApiClient.swift */ = {isa = PBXFileReference; lastKnownFileType = sourcecode.swift; path = ApiClient.swift; sourceTree = "<group>"; };
		3AF1970D2806E3CA0096F747 /* AbsAudioPlayer.swift */ = {isa = PBXFileReference; lastKnownFileType = sourcecode.swift; path = AbsAudioPlayer.swift; sourceTree = "<group>"; };
		3AF1970F2806E3DC0096F747 /* AbsAudioPlayer.m */ = {isa = PBXFileReference; lastKnownFileType = sourcecode.c.objc; path = AbsAudioPlayer.m; sourceTree = "<group>"; };
		3AFCB5E727EA240D00ECCC05 /* NowPlayingInfo.swift */ = {isa = PBXFileReference; lastKnownFileType = sourcecode.swift; path = NowPlayingInfo.swift; sourceTree = "<group>"; };
		4D66B951282EE822008272D4 /* AbsDownloader.m */ = {isa = PBXFileReference; lastKnownFileType = sourcecode.c.objc; path = AbsDownloader.m; sourceTree = "<group>"; };
		4D66B953282EE87C008272D4 /* AbsDownloader.swift */ = {isa = PBXFileReference; lastKnownFileType = sourcecode.swift; path = AbsDownloader.swift; sourceTree = "<group>"; };
		4D66B955282EE951008272D4 /* AbsFileSystem.m */ = {isa = PBXFileReference; lastKnownFileType = sourcecode.c.objc; path = AbsFileSystem.m; sourceTree = "<group>"; };
		4D66B957282EEA14008272D4 /* AbsFileSystem.swift */ = {isa = PBXFileReference; lastKnownFileType = sourcecode.swift; path = AbsFileSystem.swift; sourceTree = "<group>"; };
		4D8D412C26E187E400BA5F0D /* App-Bridging-Header.h */ = {isa = PBXFileReference; lastKnownFileType = sourcecode.c.h; path = "App-Bridging-Header.h"; sourceTree = "<group>"; };
		4D91EEC52A40F28D004807ED /* EBookFile.swift */ = {isa = PBXFileReference; lastKnownFileType = sourcecode.swift; path = EBookFile.swift; sourceTree = "<group>"; };
		4DABC04E2B0139CA000F6264 /* User.swift */ = {isa = PBXFileReference; lastKnownFileType = sourcecode.swift; path = User.swift; sourceTree = "<group>"; };
		4DF74911287105C600AC7814 /* DeviceSettings.swift */ = {isa = PBXFileReference; lastKnownFileType = sourcecode.swift; path = DeviceSettings.swift; sourceTree = "<group>"; };
		50379B222058CBB4000EE86E /* capacitor.config.json */ = {isa = PBXFileReference; fileEncoding = 4; lastKnownFileType = text.json; path = capacitor.config.json; sourceTree = "<group>"; };
		504EC3041FED79650016851F /* Audiobookshelf.app */ = {isa = PBXFileReference; explicitFileType = wrapper.application; includeInIndex = 0; path = Audiobookshelf.app; sourceTree = BUILT_PRODUCTS_DIR; };
		504EC3071FED79650016851F /* AppDelegate.swift */ = {isa = PBXFileReference; lastKnownFileType = sourcecode.swift; path = AppDelegate.swift; sourceTree = "<group>"; };
		504EC30C1FED79650016851F /* Base */ = {isa = PBXFileReference; lastKnownFileType = file.storyboard; name = Base; path = Base.lproj/Main.storyboard; sourceTree = "<group>"; };
		504EC30E1FED79650016851F /* Assets.xcassets */ = {isa = PBXFileReference; lastKnownFileType = folder.assetcatalog; path = Assets.xcassets; sourceTree = "<group>"; };
		504EC3111FED79650016851F /* Base */ = {isa = PBXFileReference; lastKnownFileType = file.storyboard; name = Base; path = Base.lproj/LaunchScreen.storyboard; sourceTree = "<group>"; };
		504EC3131FED79650016851F /* Info.plist */ = {isa = PBXFileReference; lastKnownFileType = text.plist.xml; path = Info.plist; sourceTree = "<group>"; };
		50B271D01FEDC1A000F3C39B /* public */ = {isa = PBXFileReference; lastKnownFileType = folder; path = public; sourceTree = "<group>"; };
		8F9A7CCC479333E44DC314BE /* Pods_Audiobookshelf.framework */ = {isa = PBXFileReference; explicitFileType = wrapper.framework; includeInIndex = 0; path = Pods_Audiobookshelf.framework; sourceTree = BUILT_PRODUCTS_DIR; };
		BE96D57E131924D520D57057 /* Pods-Audiobookshelf.debug.xcconfig */ = {isa = PBXFileReference; includeInIndex = 1; lastKnownFileType = text.xcconfig; name = "Pods-Audiobookshelf.debug.xcconfig"; path = "Target Support Files/Pods-Audiobookshelf/Pods-Audiobookshelf.debug.xcconfig"; sourceTree = "<group>"; };
		D2F7F575384A63F1C47DE984 /* Pods-Audiobookshelf.release.xcconfig */ = {isa = PBXFileReference; includeInIndex = 1; lastKnownFileType = text.xcconfig; name = "Pods-Audiobookshelf.release.xcconfig"; path = "Target Support Files/Pods-Audiobookshelf/Pods-Audiobookshelf.release.xcconfig"; sourceTree = "<group>"; };
		E9D5504528AC1A3900C746DD /* LibraryItem.swift */ = {isa = PBXFileReference; lastKnownFileType = sourcecode.swift; path = LibraryItem.swift; sourceTree = "<group>"; };
		E9D5504728AC1A7A00C746DD /* MediaType.swift */ = {isa = PBXFileReference; lastKnownFileType = sourcecode.swift; path = MediaType.swift; sourceTree = "<group>"; };
		E9D5504928AC1AA600C746DD /* Metadata.swift */ = {isa = PBXFileReference; lastKnownFileType = sourcecode.swift; path = Metadata.swift; sourceTree = "<group>"; };
		E9D5504B28AC1AE000C746DD /* PodcastEpisode.swift */ = {isa = PBXFileReference; lastKnownFileType = sourcecode.swift; path = PodcastEpisode.swift; sourceTree = "<group>"; };
		E9D5504D28AC1B0700C746DD /* AudioFile.swift */ = {isa = PBXFileReference; lastKnownFileType = sourcecode.swift; path = AudioFile.swift; sourceTree = "<group>"; };
		E9D5504F28AC1B3E00C746DD /* Author.swift */ = {isa = PBXFileReference; lastKnownFileType = sourcecode.swift; path = Author.swift; sourceTree = "<group>"; };
		E9D5505128AC1B5D00C746DD /* Chapter.swift */ = {isa = PBXFileReference; lastKnownFileType = sourcecode.swift; path = Chapter.swift; sourceTree = "<group>"; };
		E9D5505328AC1B7900C746DD /* AudioTrack.swift */ = {isa = PBXFileReference; lastKnownFileType = sourcecode.swift; path = AudioTrack.swift; sourceTree = "<group>"; };
		E9D5505528AC1BFA00C746DD /* FileMetadata.swift */ = {isa = PBXFileReference; lastKnownFileType = sourcecode.swift; path = FileMetadata.swift; sourceTree = "<group>"; };
		E9D5505728AC1C1A00C746DD /* Library.swift */ = {isa = PBXFileReference; lastKnownFileType = sourcecode.swift; path = Library.swift; sourceTree = "<group>"; };
		E9D5505928AC1C4500C746DD /* Folder.swift */ = {isa = PBXFileReference; lastKnownFileType = sourcecode.swift; path = Folder.swift; sourceTree = "<group>"; };
		E9D5505B28AC1C6200C746DD /* LibraryFile.swift */ = {isa = PBXFileReference; lastKnownFileType = sourcecode.swift; path = LibraryFile.swift; sourceTree = "<group>"; };
		E9D5505D28AC1C8500C746DD /* MediaProgress.swift */ = {isa = PBXFileReference; lastKnownFileType = sourcecode.swift; path = MediaProgress.swift; sourceTree = "<group>"; };
		E9D5505F28AC1CA900C746DD /* PlaybackMetadata.swift */ = {isa = PBXFileReference; lastKnownFileType = sourcecode.swift; path = PlaybackMetadata.swift; sourceTree = "<group>"; };
		E9D5506128AC1CC900C746DD /* PlayerState.swift */ = {isa = PBXFileReference; lastKnownFileType = sourcecode.swift; path = PlayerState.swift; sourceTree = "<group>"; };
		E9D5506528AC1D7300C746DD /* LocalLibraryItem.swift */ = {isa = PBXFileReference; lastKnownFileType = sourcecode.swift; path = LocalLibraryItem.swift; sourceTree = "<group>"; };
		E9D5506728AC1DC300C746DD /* LocalPodcastEpisode.swift */ = {isa = PBXFileReference; lastKnownFileType = sourcecode.swift; path = LocalPodcastEpisode.swift; sourceTree = "<group>"; };
		E9D5506928AC1DF100C746DD /* LocalFile.swift */ = {isa = PBXFileReference; lastKnownFileType = sourcecode.swift; path = LocalFile.swift; sourceTree = "<group>"; };
		E9D5506B28AC1E2100C746DD /* LocalMediaProgress.swift */ = {isa = PBXFileReference; lastKnownFileType = sourcecode.swift; path = LocalMediaProgress.swift; sourceTree = "<group>"; };
		E9D5506E28AC1E8E00C746DD /* DownloadItem.swift */ = {isa = PBXFileReference; lastKnownFileType = sourcecode.swift; path = DownloadItem.swift; sourceTree = "<group>"; };
		E9D5507028AC1EC700C746DD /* DownloadItemPart.swift */ = {isa = PBXFileReference; lastKnownFileType = sourcecode.swift; path = DownloadItemPart.swift; sourceTree = "<group>"; };
		E9D5507228AC218300C746DD /* DaoExtensions.swift */ = {isa = PBXFileReference; lastKnownFileType = sourcecode.swift; path = DaoExtensions.swift; sourceTree = "<group>"; };
		E9D5507428AEF93100C746DD /* PlayerSettings.swift */ = {isa = PBXFileReference; lastKnownFileType = sourcecode.swift; path = PlayerSettings.swift; sourceTree = "<group>"; };
		E9DFCBFA28C28F4A00B36356 /* AudioPlayerSleepTimer.swift */ = {isa = PBXFileReference; lastKnownFileType = sourcecode.swift; path = AudioPlayerSleepTimer.swift; sourceTree = "<group>"; };
		E9E8813A28DA5DE500D750C1 /* AudiobookshelfUnitTests.xctest */ = {isa = PBXFileReference; explicitFileType = wrapper.cfbundle; includeInIndex = 0; path = AudiobookshelfUnitTests.xctest; sourceTree = BUILT_PRODUCTS_DIR; };
		E9E8814928DA644F00D750C1 /* PlayerTimeUtils.swift */ = {isa = PBXFileReference; lastKnownFileType = sourcecode.swift; path = PlayerTimeUtils.swift; sourceTree = "<group>"; };
		E9E8814C28DA6B9000D750C1 /* PlayerTimeUtilsTests.swift */ = {isa = PBXFileReference; lastKnownFileType = sourcecode.swift; path = PlayerTimeUtilsTests.swift; sourceTree = "<group>"; };
		E9E985F728B02D9400957F23 /* PlayerProgress.swift */ = {isa = PBXFileReference; lastKnownFileType = sourcecode.swift; path = PlayerProgress.swift; sourceTree = "<group>"; };
		E9FA07E228C82848005520B0 /* Logger.swift */ = {isa = PBXFileReference; lastKnownFileType = sourcecode.swift; path = Logger.swift; sourceTree = "<group>"; };
		EACB38112BCCA1330060DA4A /* AudioPlayerRateManager.swift */ = {isa = PBXFileReference; fileEncoding = 4; lastKnownFileType = sourcecode.swift; path = AudioPlayerRateManager.swift; sourceTree = "<group>"; };
		EACB38132BCCA1410060DA4A /* LegacyAudioPlayerRateManager.swift */ = {isa = PBXFileReference; fileEncoding = 4; lastKnownFileType = sourcecode.swift; path = LegacyAudioPlayerRateManager.swift; sourceTree = "<group>"; };
		EACB38152BCCA1500060DA4A /* DefaultedAudioPlayerRateManager.swift */ = {isa = PBXFileReference; fileEncoding = 4; lastKnownFileType = sourcecode.swift; path = DefaultedAudioPlayerRateManager.swift; sourceTree = "<group>"; };
/* End PBXFileReference section */

/* Begin PBXFrameworksBuildPhase section */
		504EC3011FED79650016851F /* Frameworks */ = {
			isa = PBXFrameworksBuildPhase;
			buildActionMask = 2147483647;
			files = (
				65643F4DAA661FB0B247247E /* Pods_Audiobookshelf.framework in Frameworks */,
			);
			runOnlyForDeploymentPostprocessing = 0;
		};
		E9E8813728DA5DE500D750C1 /* Frameworks */ = {
			isa = PBXFrameworksBuildPhase;
			buildActionMask = 2147483647;
			files = (
			);
			runOnlyForDeploymentPostprocessing = 0;
		};
/* End PBXFrameworksBuildPhase section */

/* Begin PBXGroup section */
		2372704BEF15C94CF4EBDB08 /* Frameworks */ = {
			isa = PBXGroup;
			children = (
				8F9A7CCC479333E44DC314BE /* Pods_Audiobookshelf.framework */,
			);
			name = Frameworks;
			sourceTree = "<group>";
		};
		39E576BF5B2DD22C4195A799 /* Pods */ = {
			isa = PBXGroup;
			children = (
				BE96D57E131924D520D57057 /* Pods-Audiobookshelf.debug.xcconfig */,
				D2F7F575384A63F1C47DE984 /* Pods-Audiobookshelf.release.xcconfig */,
			);
			path = Pods;
			sourceTree = "<group>";
		};
		3ABF6190280432610070250E /* player */ = {
			isa = PBXGroup;
			children = (
				EACB38152BCCA1500060DA4A /* DefaultedAudioPlayerRateManager.swift */,
				EACB38132BCCA1410060DA4A /* LegacyAudioPlayerRateManager.swift */,
				EACB38112BCCA1330060DA4A /* AudioPlayerRateManager.swift */,
				E9E8814828DA641B00D750C1 /* util */,
				3A200C1427D64D7E00CBF02E /* AudioPlayer.swift */,
				E9DFCBFA28C28F4A00B36356 /* AudioPlayerSleepTimer.swift */,
				3ABF618E2804325C0070250E /* PlayerHandler.swift */,
				E9E985F728B02D9400957F23 /* PlayerProgress.swift */,
			);
			path = player;
			sourceTree = "<group>";
		};
		3AC8248B27F2316900529205 /* Shared */ = {
			isa = PBXGroup;
			children = (
				3AFCB5E527EA232A00ECCC05 /* models */,
				3AFCB5E627EA23F700ECCC05 /* util */,
				3ABF6190280432610070250E /* player */,
			);
			path = Shared;
			sourceTree = "<group>";
		};
		3AFCB5E427EA231D00ECCC05 /* plugins */ = {
			isa = PBXGroup;
			children = (
				3AD4FCE428043E50006DB301 /* AbsDatabase.swift */,
				3AD4FCE628043E72006DB301 /* AbsDatabase.m */,
				3AF1970D2806E3CA0096F747 /* AbsAudioPlayer.swift */,
				3AF1970F2806E3DC0096F747 /* AbsAudioPlayer.m */,
				4D66B951282EE822008272D4 /* AbsDownloader.m */,
				4D66B953282EE87C008272D4 /* AbsDownloader.swift */,
				4D66B955282EE951008272D4 /* AbsFileSystem.m */,
				4D66B957282EEA14008272D4 /* AbsFileSystem.swift */,
			);
			path = plugins;
			sourceTree = "<group>";
		};
		3AFCB5E527EA232A00ECCC05 /* models */ = {
			isa = PBXGroup;
			children = (
				3AD4FCE828043FD7006DB301 /* ServerConnectionConfig.swift */,
				3ABF580828059BAE005DFBE5 /* PlaybackSession.swift */,
				3A90295E280968E700E1D427 /* PlaybackReport.swift */,
				E9D5505F28AC1CA900C746DD /* PlaybackMetadata.swift */,
				E9D5506128AC1CC900C746DD /* PlayerState.swift */,
				4DF74911287105C600AC7814 /* DeviceSettings.swift */,
				E9D5507428AEF93100C746DD /* PlayerSettings.swift */,
				E9D5506328AC1D3F00C746DD /* server */,
				E9D5506428AC1D5800C746DD /* local */,
				E9D5506D28AC1E7400C746DD /* download */,
			);
			path = models;
			sourceTree = "<group>";
		};
		3AFCB5E627EA23F700ECCC05 /* util */ = {
			isa = PBXGroup;
			children = (
				E9FA07E228C82848005520B0 /* Logger.swift */,
				3AFCB5E727EA240D00ECCC05 /* NowPlayingInfo.swift */,
				3AD4FCEA280443DD006DB301 /* Database.swift */,
				3AD4FCEC28044E6C006DB301 /* Store.swift */,
				3AF1970B2806E2590096F747 /* ApiClient.swift */,
				3AB34052280829BF0039308B /* Extensions.swift */,
				3AB34054280832720039308B /* PlayerEvents.swift */,
				E9D5507228AC218300C746DD /* DaoExtensions.swift */,
			);
			path = util;
			sourceTree = "<group>";
		};
		504EC2FB1FED79650016851F = {
			isa = PBXGroup;
			children = (
				3AC8248B27F2316900529205 /* Shared */,
				504EC3061FED79650016851F /* App */,
				E9E8813B28DA5DE500D750C1 /* AudiobookshelfUnitTests */,
				504EC3051FED79650016851F /* Products */,
				39E576BF5B2DD22C4195A799 /* Pods */,
				2372704BEF15C94CF4EBDB08 /* Frameworks */,
			);
			sourceTree = "<group>";
		};
		504EC3051FED79650016851F /* Products */ = {
			isa = PBXGroup;
			children = (
				504EC3041FED79650016851F /* Audiobookshelf.app */,
				E9E8813A28DA5DE500D750C1 /* AudiobookshelfUnitTests.xctest */,
			);
			name = Products;
			sourceTree = "<group>";
		};
		504EC3061FED79650016851F /* App */ = {
			isa = PBXGroup;
			children = (
				3AFCB5E427EA231D00ECCC05 /* plugins */,
				50379B222058CBB4000EE86E /* capacitor.config.json */,
				504EC3071FED79650016851F /* AppDelegate.swift */,
				504EC30B1FED79650016851F /* Main.storyboard */,
				504EC30E1FED79650016851F /* Assets.xcassets */,
				504EC3101FED79650016851F /* LaunchScreen.storyboard */,
				504EC3131FED79650016851F /* Info.plist */,
				2FAD9762203C412B000D30F8 /* config.xml */,
				50B271D01FEDC1A000F3C39B /* public */,
				4D8D412C26E187E400BA5F0D /* App-Bridging-Header.h */,
			);
			path = App;
			sourceTree = "<group>";
		};
		E9D5506328AC1D3F00C746DD /* server */ = {
			isa = PBXGroup;
			children = (
				E9D5504528AC1A3900C746DD /* LibraryItem.swift */,
				E9D5504728AC1A7A00C746DD /* MediaType.swift */,
				E9D5504928AC1AA600C746DD /* Metadata.swift */,
				E9D5504B28AC1AE000C746DD /* PodcastEpisode.swift */,
				E9D5504D28AC1B0700C746DD /* AudioFile.swift */,
				E9D5504F28AC1B3E00C746DD /* Author.swift */,
				E9D5505128AC1B5D00C746DD /* Chapter.swift */,
				E9D5505328AC1B7900C746DD /* AudioTrack.swift */,
				E9D5505528AC1BFA00C746DD /* FileMetadata.swift */,
				E9D5505728AC1C1A00C746DD /* Library.swift */,
				E9D5505928AC1C4500C746DD /* Folder.swift */,
				E9D5505B28AC1C6200C746DD /* LibraryFile.swift */,
				E9D5505D28AC1C8500C746DD /* MediaProgress.swift */,
				4D91EEC52A40F28D004807ED /* EBookFile.swift */,
				4DABC04E2B0139CA000F6264 /* User.swift */,
			);
			path = server;
			sourceTree = "<group>";
		};
		E9D5506428AC1D5800C746DD /* local */ = {
			isa = PBXGroup;
			children = (
				E9D5506528AC1D7300C746DD /* LocalLibraryItem.swift */,
				E9D5506728AC1DC300C746DD /* LocalPodcastEpisode.swift */,
				E9D5506928AC1DF100C746DD /* LocalFile.swift */,
				E9D5506B28AC1E2100C746DD /* LocalMediaProgress.swift */,
			);
			path = local;
			sourceTree = "<group>";
		};
		E9D5506D28AC1E7400C746DD /* download */ = {
			isa = PBXGroup;
			children = (
				E9D5506E28AC1E8E00C746DD /* DownloadItem.swift */,
				E9D5507028AC1EC700C746DD /* DownloadItemPart.swift */,
			);
			path = download;
			sourceTree = "<group>";
		};
		E9E8813B28DA5DE500D750C1 /* AudiobookshelfUnitTests */ = {
			isa = PBXGroup;
			children = (
				E9E8814328DA5E5900D750C1 /* Shared */,
			);
			path = AudiobookshelfUnitTests;
			sourceTree = "<group>";
		};
		E9E8814328DA5E5900D750C1 /* Shared */ = {
			isa = PBXGroup;
			children = (
				E9E8814428DA5E6000D750C1 /* player */,
			);
			path = Shared;
			sourceTree = "<group>";
		};
		E9E8814428DA5E6000D750C1 /* player */ = {
			isa = PBXGroup;
			children = (
				E9E8814B28DA6B6B00D750C1 /* util */,
			);
			path = player;
			sourceTree = "<group>";
		};
		E9E8814828DA641B00D750C1 /* util */ = {
			isa = PBXGroup;
			children = (
				E9E8814928DA644F00D750C1 /* PlayerTimeUtils.swift */,
			);
			path = util;
			sourceTree = "<group>";
		};
		E9E8814B28DA6B6B00D750C1 /* util */ = {
			isa = PBXGroup;
			children = (
				E9E8814C28DA6B9000D750C1 /* PlayerTimeUtilsTests.swift */,
			);
			path = util;
			sourceTree = "<group>";
		};
/* End PBXGroup section */

/* Begin PBXNativeTarget section */
		504EC3031FED79650016851F /* Audiobookshelf */ = {
			isa = PBXNativeTarget;
			buildConfigurationList = 504EC3161FED79650016851F /* Build configuration list for PBXNativeTarget "Audiobookshelf" */;
			buildPhases = (
				C5582D6256D39377D737E21E /* [CP] Check Pods Manifest.lock */,
				504EC3001FED79650016851F /* Sources */,
				504EC3011FED79650016851F /* Frameworks */,
				504EC3021FED79650016851F /* Resources */,
				CEB30CA5B985BAFB7ABA9E2F /* [CP] Embed Pods Frameworks */,
			);
			buildRules = (
			);
			dependencies = (
			);
			name = Audiobookshelf;
			productName = App;
			productReference = 504EC3041FED79650016851F /* Audiobookshelf.app */;
			productType = "com.apple.product-type.application";
		};
		E9E8813928DA5DE500D750C1 /* AudiobookshelfUnitTests */ = {
			isa = PBXNativeTarget;
			buildConfigurationList = E9E8814228DA5DE500D750C1 /* Build configuration list for PBXNativeTarget "AudiobookshelfUnitTests" */;
			buildPhases = (
				E9E8813628DA5DE500D750C1 /* Sources */,
				E9E8813728DA5DE500D750C1 /* Frameworks */,
				E9E8813828DA5DE500D750C1 /* Resources */,
			);
			buildRules = (
			);
			dependencies = (
				E9E8813F28DA5DE500D750C1 /* PBXTargetDependency */,
			);
			name = AudiobookshelfUnitTests;
			productName = AudiobookshelfUnitTests;
			productReference = E9E8813A28DA5DE500D750C1 /* AudiobookshelfUnitTests.xctest */;
			productType = "com.apple.product-type.bundle.unit-test";
		};
/* End PBXNativeTarget section */

/* Begin PBXProject section */
		504EC2FC1FED79650016851F /* Project object */ = {
			isa = PBXProject;
			attributes = {
				LastSwiftUpdateCheck = 1400;
				LastUpgradeCheck = 1330;
				TargetAttributes = {
					504EC3031FED79650016851F = {
						CreatedOnToolsVersion = 9.2;
						LastSwiftMigration = 1240;
						ProvisioningStyle = Automatic;
					};
					E9E8813928DA5DE500D750C1 = {
						CreatedOnToolsVersion = 14.0;
						ProvisioningStyle = Automatic;
						TestTargetID = 504EC3031FED79650016851F;
					};
				};
			};
			buildConfigurationList = 504EC2FF1FED79650016851F /* Build configuration list for PBXProject "App" */;
			compatibilityVersion = "Xcode 8.0";
			developmentRegion = en;
			hasScannedForEncodings = 0;
			knownRegions = (
				en,
				Base,
			);
			mainGroup = 504EC2FB1FED79650016851F;
			productRefGroup = 504EC3051FED79650016851F /* Products */;
			projectDirPath = "";
			projectRoot = "";
			targets = (
				504EC3031FED79650016851F /* Audiobookshelf */,
				E9E8813928DA5DE500D750C1 /* AudiobookshelfUnitTests */,
			);
		};
/* End PBXProject section */

/* Begin PBXResourcesBuildPhase section */
		504EC3021FED79650016851F /* Resources */ = {
			isa = PBXResourcesBuildPhase;
			buildActionMask = 2147483647;
			files = (
				504EC3121FED79650016851F /* LaunchScreen.storyboard in Resources */,
				50B271D11FEDC1A000F3C39B /* public in Resources */,
				504EC30F1FED79650016851F /* Assets.xcassets in Resources */,
				50379B232058CBB4000EE86E /* capacitor.config.json in Resources */,
				504EC30D1FED79650016851F /* Main.storyboard in Resources */,
				2FAD9763203C412B000D30F8 /* config.xml in Resources */,
			);
			runOnlyForDeploymentPostprocessing = 0;
		};
		E9E8813828DA5DE500D750C1 /* Resources */ = {
			isa = PBXResourcesBuildPhase;
			buildActionMask = 2147483647;
			files = (
			);
			runOnlyForDeploymentPostprocessing = 0;
		};
/* End PBXResourcesBuildPhase section */

/* Begin PBXShellScriptBuildPhase section */
		C5582D6256D39377D737E21E /* [CP] Check Pods Manifest.lock */ = {
			isa = PBXShellScriptBuildPhase;
			buildActionMask = 2147483647;
			files = (
			);
			inputFileListPaths = (
			);
			inputPaths = (
				"${PODS_PODFILE_DIR_PATH}/Podfile.lock",
				"${PODS_ROOT}/Manifest.lock",
			);
			name = "[CP] Check Pods Manifest.lock";
			outputFileListPaths = (
			);
			outputPaths = (
				"$(DERIVED_FILE_DIR)/Pods-Audiobookshelf-checkManifestLockResult.txt",
			);
			runOnlyForDeploymentPostprocessing = 0;
			shellPath = /bin/sh;
			shellScript = "diff \"${PODS_PODFILE_DIR_PATH}/Podfile.lock\" \"${PODS_ROOT}/Manifest.lock\" > /dev/null\nif [ $? != 0 ] ; then\n    # print error to STDERR\n    echo \"error: The sandbox is not in sync with the Podfile.lock. Run 'pod install' or update your CocoaPods installation.\" >&2\n    exit 1\nfi\n# This output is used by Xcode 'outputs' to avoid re-running this script phase.\necho \"SUCCESS\" > \"${SCRIPT_OUTPUT_FILE_0}\"\n";
			showEnvVarsInLog = 0;
		};
		CEB30CA5B985BAFB7ABA9E2F /* [CP] Embed Pods Frameworks */ = {
			isa = PBXShellScriptBuildPhase;
			buildActionMask = 2147483647;
			files = (
			);
			inputPaths = (
			);
			name = "[CP] Embed Pods Frameworks";
			outputPaths = (
			);
			runOnlyForDeploymentPostprocessing = 0;
			shellPath = /bin/sh;
			shellScript = "\"${PODS_ROOT}/Target Support Files/Pods-Audiobookshelf/Pods-Audiobookshelf-frameworks.sh\"\n";
			showEnvVarsInLog = 0;
		};
/* End PBXShellScriptBuildPhase section */

/* Begin PBXSourcesBuildPhase section */
		504EC3001FED79650016851F /* Sources */ = {
			isa = PBXSourcesBuildPhase;
			buildActionMask = 2147483647;
			files = (
				E9D5507328AC218300C746DD /* DaoExtensions.swift in Sources */,
				E9D5506228AC1CC900C746DD /* PlayerState.swift in Sources */,
				3AD4FCE728043E72006DB301 /* AbsDatabase.m in Sources */,
				504EC3081FED79650016851F /* AppDelegate.swift in Sources */,
				EACB38122BCCA1330060DA4A /* AudioPlayerRateManager.swift in Sources */,
				E9FA07E328C82848005520B0 /* Logger.swift in Sources */,
				3A90295F280968E700E1D427 /* PlaybackReport.swift in Sources */,
				E9D5505A28AC1C4500C746DD /* Folder.swift in Sources */,
				3ABF580928059BAE005DFBE5 /* PlaybackSession.swift in Sources */,
				E9D5506628AC1D7300C746DD /* LocalLibraryItem.swift in Sources */,
				E9D5504628AC1A3900C746DD /* LibraryItem.swift in Sources */,
				3ABF618F2804325C0070250E /* PlayerHandler.swift in Sources */,
				3AD4FCED28044E6C006DB301 /* Store.swift in Sources */,
				4D66B958282EEA14008272D4 /* AbsFileSystem.swift in Sources */,
				E9D5504C28AC1AE000C746DD /* PodcastEpisode.swift in Sources */,
				E9D5506A28AC1DF100C746DD /* LocalFile.swift in Sources */,
				3AF1970E2806E3CA0096F747 /* AbsAudioPlayer.swift in Sources */,
				E9D5506F28AC1E8E00C746DD /* DownloadItem.swift in Sources */,
				3AD4FCE928043FD7006DB301 /* ServerConnectionConfig.swift in Sources */,
				E9E985F828B02D9400957F23 /* PlayerProgress.swift in Sources */,
				E9D5505E28AC1C8500C746DD /* MediaProgress.swift in Sources */,
				3A200C1527D64D7E00CBF02E /* AudioPlayer.swift in Sources */,
				E9D5507128AC1EC700C746DD /* DownloadItemPart.swift in Sources */,
				4D66B956282EE951008272D4 /* AbsFileSystem.m in Sources */,
				EACB38142BCCA1410060DA4A /* LegacyAudioPlayerRateManager.swift in Sources */,
				3AFCB5E827EA240D00ECCC05 /* NowPlayingInfo.swift in Sources */,
				3AB34053280829BF0039308B /* Extensions.swift in Sources */,
				E9D5505828AC1C1A00C746DD /* Library.swift in Sources */,
				3AD4FCEB280443DD006DB301 /* Database.swift in Sources */,
				3AD4FCE528043E50006DB301 /* AbsDatabase.swift in Sources */,
				4DABC04F2B0139CA000F6264 /* User.swift in Sources */,
				4D66B952282EE822008272D4 /* AbsDownloader.m in Sources */,
				E9D5506828AC1DC300C746DD /* LocalPodcastEpisode.swift in Sources */,
				EACB38162BCCA1500060DA4A /* DefaultedAudioPlayerRateManager.swift in Sources */,
				E9D5505228AC1B5D00C746DD /* Chapter.swift in Sources */,
				E9D5506028AC1CA900C746DD /* PlaybackMetadata.swift in Sources */,
				E9D5504828AC1A7A00C746DD /* MediaType.swift in Sources */,
				E9D5504E28AC1B0700C746DD /* AudioFile.swift in Sources */,
				4D91EEC62A40F28D004807ED /* EBookFile.swift in Sources */,
				E9DFCBFB28C28F4A00B36356 /* AudioPlayerSleepTimer.swift in Sources */,
				E9D5505428AC1B7900C746DD /* AudioTrack.swift in Sources */,
				E9D5505C28AC1C6200C746DD /* LibraryFile.swift in Sources */,
				4DF74912287105C600AC7814 /* DeviceSettings.swift in Sources */,
				E9D5504A28AC1AA600C746DD /* Metadata.swift in Sources */,
				3AF197102806E3DC0096F747 /* AbsAudioPlayer.m in Sources */,
				E9D5507528AEF93100C746DD /* PlayerSettings.swift in Sources */,
				E9D5505028AC1B3E00C746DD /* Author.swift in Sources */,
				3AF1970C2806E2590096F747 /* ApiClient.swift in Sources */,
				4D66B954282EE87C008272D4 /* AbsDownloader.swift in Sources */,
				E9D5505628AC1BFA00C746DD /* FileMetadata.swift in Sources */,
				E9E8814A28DA644F00D750C1 /* PlayerTimeUtils.swift in Sources */,
				3AB34055280832720039308B /* PlayerEvents.swift in Sources */,
				E9D5506C28AC1E2100C746DD /* LocalMediaProgress.swift in Sources */,
			);
			runOnlyForDeploymentPostprocessing = 0;
		};
		E9E8813628DA5DE500D750C1 /* Sources */ = {
			isa = PBXSourcesBuildPhase;
			buildActionMask = 2147483647;
			files = (
				E9E8814D28DA6B9000D750C1 /* PlayerTimeUtilsTests.swift in Sources */,
			);
			runOnlyForDeploymentPostprocessing = 0;
		};
/* End PBXSourcesBuildPhase section */

/* Begin PBXTargetDependency section */
		E9E8813F28DA5DE500D750C1 /* PBXTargetDependency */ = {
			isa = PBXTargetDependency;
			target = 504EC3031FED79650016851F /* Audiobookshelf */;
			targetProxy = E9E8813E28DA5DE500D750C1 /* PBXContainerItemProxy */;
		};
/* End PBXTargetDependency section */

/* Begin PBXVariantGroup section */
		504EC30B1FED79650016851F /* Main.storyboard */ = {
			isa = PBXVariantGroup;
			children = (
				504EC30C1FED79650016851F /* Base */,
			);
			name = Main.storyboard;
			sourceTree = "<group>";
		};
		504EC3101FED79650016851F /* LaunchScreen.storyboard */ = {
			isa = PBXVariantGroup;
			children = (
				504EC3111FED79650016851F /* Base */,
			);
			name = LaunchScreen.storyboard;
			sourceTree = "<group>";
		};
/* End PBXVariantGroup section */

/* Begin XCBuildConfiguration section */
		504EC3141FED79650016851F /* Debug */ = {
			isa = XCBuildConfiguration;
			buildSettings = {
				ALWAYS_SEARCH_USER_PATHS = NO;
				CLANG_ANALYZER_NONNULL = YES;
				CLANG_ANALYZER_NUMBER_OBJECT_CONVERSION = YES_AGGRESSIVE;
				CLANG_CXX_LANGUAGE_STANDARD = "gnu++14";
				CLANG_CXX_LIBRARY = "libc++";
				CLANG_ENABLE_MODULES = YES;
				CLANG_ENABLE_OBJC_ARC = YES;
				CLANG_WARN_BLOCK_CAPTURE_AUTORELEASING = YES;
				CLANG_WARN_BOOL_CONVERSION = YES;
				CLANG_WARN_COMMA = YES;
				CLANG_WARN_CONSTANT_CONVERSION = YES;
				CLANG_WARN_DEPRECATED_OBJC_IMPLEMENTATIONS = YES;
				CLANG_WARN_DIRECT_OBJC_ISA_USAGE = YES_ERROR;
				CLANG_WARN_DOCUMENTATION_COMMENTS = YES;
				CLANG_WARN_EMPTY_BODY = YES;
				CLANG_WARN_ENUM_CONVERSION = YES;
				CLANG_WARN_INFINITE_RECURSION = YES;
				CLANG_WARN_INT_CONVERSION = YES;
				CLANG_WARN_NON_LITERAL_NULL_CONVERSION = YES;
				CLANG_WARN_OBJC_IMPLICIT_RETAIN_SELF = YES;
				CLANG_WARN_OBJC_LITERAL_CONVERSION = YES;
				CLANG_WARN_OBJC_ROOT_CLASS = YES_ERROR;
				CLANG_WARN_QUOTED_INCLUDE_IN_FRAMEWORK_HEADER = YES;
				CLANG_WARN_RANGE_LOOP_ANALYSIS = YES;
				CLANG_WARN_STRICT_PROTOTYPES = YES;
				CLANG_WARN_SUSPICIOUS_MOVE = YES;
				CLANG_WARN_UNGUARDED_AVAILABILITY = YES_AGGRESSIVE;
				CLANG_WARN_UNREACHABLE_CODE = YES;
				CLANG_WARN__DUPLICATE_METHOD_MATCH = YES;
				CODE_SIGN_IDENTITY = "iPhone Developer";
				COPY_PHASE_STRIP = NO;
				DEBUG_INFORMATION_FORMAT = dwarf;
				ENABLE_STRICT_OBJC_MSGSEND = YES;
				ENABLE_TESTABILITY = YES;
				GCC_C_LANGUAGE_STANDARD = gnu11;
				GCC_DYNAMIC_NO_PIC = NO;
				GCC_NO_COMMON_BLOCKS = YES;
				GCC_OPTIMIZATION_LEVEL = 0;
				GCC_PREPROCESSOR_DEFINITIONS = (
					"DEBUG=1",
					"$(inherited)",
				);
				GCC_WARN_64_TO_32_BIT_CONVERSION = YES;
				GCC_WARN_ABOUT_RETURN_TYPE = YES_ERROR;
				GCC_WARN_UNDECLARED_SELECTOR = YES;
				GCC_WARN_UNINITIALIZED_AUTOS = YES_AGGRESSIVE;
				GCC_WARN_UNUSED_FUNCTION = YES;
				GCC_WARN_UNUSED_VARIABLE = YES;
				IPHONEOS_DEPLOYMENT_TARGET = 13.0;
				MTL_ENABLE_DEBUG_INFO = YES;
				ONLY_ACTIVE_ARCH = YES;
				SDKROOT = iphoneos;
				SWIFT_ACTIVE_COMPILATION_CONDITIONS = DEBUG;
				SWIFT_OPTIMIZATION_LEVEL = "-Onone";
			};
			name = Debug;
		};
		504EC3151FED79650016851F /* Release */ = {
			isa = XCBuildConfiguration;
			buildSettings = {
				ALWAYS_SEARCH_USER_PATHS = NO;
				CLANG_ANALYZER_NONNULL = YES;
				CLANG_ANALYZER_NUMBER_OBJECT_CONVERSION = YES_AGGRESSIVE;
				CLANG_CXX_LANGUAGE_STANDARD = "gnu++14";
				CLANG_CXX_LIBRARY = "libc++";
				CLANG_ENABLE_MODULES = YES;
				CLANG_ENABLE_OBJC_ARC = YES;
				CLANG_WARN_BLOCK_CAPTURE_AUTORELEASING = YES;
				CLANG_WARN_BOOL_CONVERSION = YES;
				CLANG_WARN_COMMA = YES;
				CLANG_WARN_CONSTANT_CONVERSION = YES;
				CLANG_WARN_DEPRECATED_OBJC_IMPLEMENTATIONS = YES;
				CLANG_WARN_DIRECT_OBJC_ISA_USAGE = YES_ERROR;
				CLANG_WARN_DOCUMENTATION_COMMENTS = YES;
				CLANG_WARN_EMPTY_BODY = YES;
				CLANG_WARN_ENUM_CONVERSION = YES;
				CLANG_WARN_INFINITE_RECURSION = YES;
				CLANG_WARN_INT_CONVERSION = YES;
				CLANG_WARN_NON_LITERAL_NULL_CONVERSION = YES;
				CLANG_WARN_OBJC_IMPLICIT_RETAIN_SELF = YES;
				CLANG_WARN_OBJC_LITERAL_CONVERSION = YES;
				CLANG_WARN_OBJC_ROOT_CLASS = YES_ERROR;
				CLANG_WARN_QUOTED_INCLUDE_IN_FRAMEWORK_HEADER = YES;
				CLANG_WARN_RANGE_LOOP_ANALYSIS = YES;
				CLANG_WARN_STRICT_PROTOTYPES = YES;
				CLANG_WARN_SUSPICIOUS_MOVE = YES;
				CLANG_WARN_UNGUARDED_AVAILABILITY = YES_AGGRESSIVE;
				CLANG_WARN_UNREACHABLE_CODE = YES;
				CLANG_WARN__DUPLICATE_METHOD_MATCH = YES;
				CODE_SIGN_IDENTITY = "iPhone Developer";
				COPY_PHASE_STRIP = NO;
				DEBUG_INFORMATION_FORMAT = "dwarf-with-dsym";
				ENABLE_NS_ASSERTIONS = NO;
				ENABLE_STRICT_OBJC_MSGSEND = YES;
				GCC_C_LANGUAGE_STANDARD = gnu11;
				GCC_NO_COMMON_BLOCKS = YES;
				GCC_WARN_64_TO_32_BIT_CONVERSION = YES;
				GCC_WARN_ABOUT_RETURN_TYPE = YES_ERROR;
				GCC_WARN_UNDECLARED_SELECTOR = YES;
				GCC_WARN_UNINITIALIZED_AUTOS = YES_AGGRESSIVE;
				GCC_WARN_UNUSED_FUNCTION = YES;
				GCC_WARN_UNUSED_VARIABLE = YES;
				IPHONEOS_DEPLOYMENT_TARGET = 13.0;
				MTL_ENABLE_DEBUG_INFO = NO;
				SDKROOT = iphoneos;
				SWIFT_OPTIMIZATION_LEVEL = "-Owholemodule";
				VALIDATE_PRODUCT = YES;
			};
			name = Release;
		};
		504EC3171FED79650016851F /* Debug */ = {
			isa = XCBuildConfiguration;
			baseConfigurationReference = BE96D57E131924D520D57057 /* Pods-Audiobookshelf.debug.xcconfig */;
			buildSettings = {
				ASSETCATALOG_COMPILER_APPICON_NAME = Icons;
				CLANG_ENABLE_MODULES = YES;
				CODE_SIGN_STYLE = Automatic;
				CURRENT_PROJECT_VERSION = 31;
				DEVELOPMENT_TEAM = 7UFJ7D8V6A;
				INFOPLIST_FILE = App/Info.plist;
				IPHONEOS_DEPLOYMENT_TARGET = 14.0;
				LD_RUNPATH_SEARCH_PATHS = "$(inherited) @executable_path/Frameworks";
				MARKETING_VERSION = 0.9.74;
				OTHER_SWIFT_FLAGS = "$(inherited) \"-D\" \"COCOAPODS\" \"-DDEBUG\"";
				PRODUCT_BUNDLE_IDENTIFIER = com.audiobookshelf.app.dev;
				PRODUCT_NAME = "$(TARGET_NAME)";
				SWIFT_ACTIVE_COMPILATION_CONDITIONS = DEBUG;
				SWIFT_OBJC_BRIDGING_HEADER = "App/App-Bridging-Header.h";
				SWIFT_OPTIMIZATION_LEVEL = "-Onone";
				SWIFT_VERSION = 5.0;
				TARGETED_DEVICE_FAMILY = "1,2";
			};
			name = Debug;
		};
		504EC3181FED79650016851F /* Release */ = {
			isa = XCBuildConfiguration;
			baseConfigurationReference = D2F7F575384A63F1C47DE984 /* Pods-Audiobookshelf.release.xcconfig */;
			buildSettings = {
				ASSETCATALOG_COMPILER_APPICON_NAME = Icons;
				CLANG_ENABLE_MODULES = YES;
				CODE_SIGN_STYLE = Automatic;
				CURRENT_PROJECT_VERSION = 31;
				DEVELOPMENT_TEAM = 7UFJ7D8V6A;
				INFOPLIST_FILE = App/Info.plist;
				IPHONEOS_DEPLOYMENT_TARGET = 14.0;
				LD_RUNPATH_SEARCH_PATHS = "$(inherited) @executable_path/Frameworks";
				MARKETING_VERSION = 0.9.74;
				PRODUCT_BUNDLE_IDENTIFIER = com.audiobookshelf.app;
				PRODUCT_NAME = "$(TARGET_NAME)";
				SWIFT_ACTIVE_COMPILATION_CONDITIONS = "";
				SWIFT_OBJC_BRIDGING_HEADER = "App/App-Bridging-Header.h";
				SWIFT_VERSION = 5.0;
				TARGETED_DEVICE_FAMILY = "1,2";
			};
			name = Release;
		};
		E9E8814028DA5DE500D750C1 /* Debug */ = {
			isa = XCBuildConfiguration;
			buildSettings = {
				BUNDLE_LOADER = "$(TEST_HOST)";
				CLANG_CXX_LANGUAGE_STANDARD = "gnu++20";
				CLANG_ENABLE_OBJC_WEAK = YES;
				CODE_SIGN_STYLE = Automatic;
				CURRENT_PROJECT_VERSION = 1;
				GENERATE_INFOPLIST_FILE = YES;
				IPHONEOS_DEPLOYMENT_TARGET = 13.0;
				MARKETING_VERSION = 1.0;
				MTL_ENABLE_DEBUG_INFO = INCLUDE_SOURCE;
				MTL_FAST_MATH = YES;
				PRODUCT_BUNDLE_IDENTIFIER = com.audiobookshelf.AudiobookshelfUnitTests;
				PRODUCT_NAME = "$(TARGET_NAME)";
				SWIFT_EMIT_LOC_STRINGS = NO;
				SWIFT_VERSION = 5.0;
				TARGETED_DEVICE_FAMILY = "1,2";
				TEST_HOST = "$(BUILT_PRODUCTS_DIR)/Audiobookshelf.app/$(BUNDLE_EXECUTABLE_FOLDER_PATH)/Audiobookshelf";
			};
			name = Debug;
		};
		E9E8814128DA5DE500D750C1 /* Release */ = {
			isa = XCBuildConfiguration;
			buildSettings = {
				BUNDLE_LOADER = "$(TEST_HOST)";
				CLANG_CXX_LANGUAGE_STANDARD = "gnu++20";
				CLANG_ENABLE_OBJC_WEAK = YES;
				CODE_SIGN_STYLE = Automatic;
				CURRENT_PROJECT_VERSION = 1;
				GENERATE_INFOPLIST_FILE = YES;
				IPHONEOS_DEPLOYMENT_TARGET = 13.0;
				MARKETING_VERSION = 1.0;
				MTL_FAST_MATH = YES;
				PRODUCT_BUNDLE_IDENTIFIER = com.audiobookshelf.AudiobookshelfUnitTests;
				PRODUCT_NAME = "$(TARGET_NAME)";
				SWIFT_EMIT_LOC_STRINGS = NO;
				SWIFT_VERSION = 5.0;
				TARGETED_DEVICE_FAMILY = "1,2";
				TEST_HOST = "$(BUILT_PRODUCTS_DIR)/Audiobookshelf.app/$(BUNDLE_EXECUTABLE_FOLDER_PATH)/Audiobookshelf";
			};
			name = Release;
		};
/* End XCBuildConfiguration section */

/* Begin XCConfigurationList section */
		504EC2FF1FED79650016851F /* Build configuration list for PBXProject "App" */ = {
			isa = XCConfigurationList;
			buildConfigurations = (
				504EC3141FED79650016851F /* Debug */,
				504EC3151FED79650016851F /* Release */,
			);
			defaultConfigurationIsVisible = 0;
			defaultConfigurationName = Release;
		};
		504EC3161FED79650016851F /* Build configuration list for PBXNativeTarget "Audiobookshelf" */ = {
			isa = XCConfigurationList;
			buildConfigurations = (
				504EC3171FED79650016851F /* Debug */,
				504EC3181FED79650016851F /* Release */,
			);
			defaultConfigurationIsVisible = 0;
			defaultConfigurationName = Release;
		};
		E9E8814228DA5DE500D750C1 /* Build configuration list for PBXNativeTarget "AudiobookshelfUnitTests" */ = {
			isa = XCConfigurationList;
			buildConfigurations = (
				E9E8814028DA5DE500D750C1 /* Debug */,
				E9E8814128DA5DE500D750C1 /* Release */,
			);
			defaultConfigurationIsVisible = 0;
			defaultConfigurationName = Release;
		};
/* End XCConfigurationList section */
	};
	rootObject = 504EC2FC1FED79650016851F /* Project object */;
}
