PODS:
  - Alamofire (5.10.2)
  - Capacitor (7.2.0):
    - CapacitorCordova
  - CapacitorApp (7.0.1):
    - Capacitor
  - CapacitorBrowser (7.0.1):
    - Capacitor
  - CapacitorClipboard (7.0.1):
    - Capacitor
  - CapacitorCommunityKeepAwake (7.0.0):
    - Capacitor
  - CapacitorCommunityVolumeButtons (7.0.0):
    - Capacitor
  - CapacitorCordova (7.2.0)
  - CapacitorDialog (7.0.1):
    - Capacitor
  - CapacitorHaptics (7.0.1):
    - Capacitor
  - CapacitorNetwork (7.0.1):
    - Capacitor
  - CapacitorPreferences (7.0.1):
    - Capacitor
  - CapacitorStatusBar (7.0.1):
    - Capacitor
  - CordovaPlugins (6.2.1):
    - CapacitorCordova
  - Realm (10.54.4):
    - Realm/Headers (= 10.54.4)
  - Realm/Headers (10.54.4)
  - RealmSwift (10.54.4):
    - Realm (= 10.54.4)
  - WebnativellcCapacitorFilesharer (7.0.4):
    - Capacitor

DEPENDENCIES:
  - Alamofire (~> 5.5)
  - "Capacitor (from `../../node_modules/@capacitor/ios`)"
  - "CapacitorApp (from `../../node_modules/@capacitor/app`)"
  - "CapacitorBrowser (from `../../node_modules/@capacitor/browser`)"
  - "CapacitorClipboard (from `../../node_modules/@capacitor/clipboard`)"
  - "CapacitorCommunityKeepAwake (from `../../node_modules/@capacitor-community/keep-awake`)"
  - "CapacitorCommunityVolumeButtons (from `../../node_modules/@capacitor-community/volume-buttons`)"
  - "CapacitorCordova (from `../../node_modules/@capacitor/ios`)"
  - "CapacitorDialog (from `../../node_modules/@capacitor/dialog`)"
  - "CapacitorHaptics (from `../../node_modules/@capacitor/haptics`)"
  - "CapacitorNetwork (from `../../node_modules/@capacitor/network`)"
  - "CapacitorPreferences (from `../../node_modules/@capacitor/preferences`)"
  - "CapacitorStatusBar (from `../../node_modules/@capacitor/status-bar`)"
  - CordovaPlugins (from `../capacitor-cordova-ios-plugins`)
  - RealmSwift (~> 10)
  - "WebnativellcCapacitorFilesharer (from `../../node_modules/@webnativellc/capacitor-filesharer`)"

SPEC REPOS:
  trunk:
    - Alamofire
    - Realm
    - RealmSwift

EXTERNAL SOURCES:
  Capacitor:
    :path: "../../node_modules/@capacitor/ios"
  CapacitorApp:
    :path: "../../node_modules/@capacitor/app"
  CapacitorBrowser:
    :path: "../../node_modules/@capacitor/browser"
  CapacitorClipboard:
    :path: "../../node_modules/@capacitor/clipboard"
  CapacitorCommunityKeepAwake:
    :path: "../../node_modules/@capacitor-community/keep-awake"
  CapacitorCommunityVolumeButtons:
    :path: "../../node_modules/@capacitor-community/volume-buttons"
  CapacitorCordova:
    :path: "../../node_modules/@capacitor/ios"
  CapacitorDialog:
    :path: "../../node_modules/@capacitor/dialog"
  CapacitorHaptics:
    :path: "../../node_modules/@capacitor/haptics"
  CapacitorNetwork:
    :path: "../../node_modules/@capacitor/network"
  CapacitorPreferences:
    :path: "../../node_modules/@capacitor/preferences"
  CapacitorStatusBar:
    :path: "../../node_modules/@capacitor/status-bar"
  CordovaPlugins:
    :path: "../capacitor-cordova-ios-plugins"
  WebnativellcCapacitorFilesharer:
    :path: "../../node_modules/@webnativellc/capacitor-filesharer"

SPEC CHECKSUMS:
  Alamofire: 7193b3b92c74a07f85569e1a6c4f4237291e7496
  Capacitor: 106e7a4205f4618d582b886a975657c61179138d
  CapacitorApp: d63334c052278caf5d81585d80b21905c6f93f39
  CapacitorBrowser: 081852cf532acf77b9d2953f3a88fe5b9711fb06
  CapacitorClipboard: b98aead5dc7ec595547fc2c5d75bacd2ae3338bc
  CapacitorCommunityKeepAwake: 00dfd8fa3cca0df003c9a3e2cd7bee678aeec68b
  CapacitorCommunityVolumeButtons: 8a0443a202ed659688d85f4d44d66f42f62f2b56
  CapacitorCordova: 5967b9ba03915ef1d585469d6e31f31dc49be96f
  CapacitorDialog: 9b934329026b2b0ffa56939bb06df3c67541a2ab
  CapacitorHaptics: 70e47470fa1a6bd6338cd102552e3846b7f9a1b3
  CapacitorNetwork: 07ec4c69c1bb696f41c23e00d31bda1bbb221bba
  CapacitorPreferences: cbf154e5e5519b7f5ab33817a334dda1e98387f9
  CapacitorStatusBar: 275cbf2f4dfc00388f519ef80c7ec22edda342c9
  CordovaPlugins: 5a72a85b45469e68556bb172409f1b6d57b27236
  Realm: 8b5cda39a41f17a1734da2f39c6004eb8745587a
  RealmSwift: 0b4f808fed6898f1f6c26f501f740efd80dff0b4
  WebnativellcCapacitorFilesharer: 10b111373d4dc49608935600dcbcc14605258c73

PODFILE CHECKSUM: 498821c0cfa2508609567fa95d7244c01cbef538

COCOAPODS: 1.16.2
