PODS:
  - Alamofire (5.10.2)
  - Capacitor (7.4.2):
    - CapacitorCordova
  - CapacitorApp (7.0.1):
    - Capacitor
  - CapacitorBrowser (7.0.1):
    - Capacitor
  - CapacitorClipboard (7.0.1):
    - Capacitor
  - CapacitorCommunityKeepAwake (7.1.0):
    - Capacitor
  - CapacitorCommunityVolumeButtons (7.0.0):
    - Capacitor
  - CapacitorCordova (7.4.2)
  - CapacitorDialog (7.0.1):
    - Capacitor
  - CapacitorHaptics (7.0.1):
    - Capacitor
  - CapacitorNetwork (7.0.1):
    - Capacitor
  - CapacitorPreferences (7.0.1):
    - Capacitor
  - CapacitorStatusBar (7.0.1):
    - Capacitor
  - CordovaPlugins (7.4.2):
    - CapacitorCordova
  - Realm (10.54.5):
    - Realm/Headers (= 10.54.5)
  - Realm/Headers (10.54.5)
  - RealmSwift (10.54.5):
    - Realm (= 10.54.5)
  - WebnativellcCapacitorFilesharer (7.0.4):
    - Capacitor

DEPENDENCIES:
  - Alamofire (~> 5.5)
  - "Capacitor (from `../../node_modules/@capacitor/ios`)"
  - "CapacitorApp (from `../../node_modules/@capacitor/app`)"
  - "CapacitorBrowser (from `../../node_modules/@capacitor/browser`)"
  - "CapacitorClipboard (from `../../node_modules/@capacitor/clipboard`)"
  - "CapacitorCommunityKeepAwake (from `../../node_modules/@capacitor-community/keep-awake`)"
  - "CapacitorCommunityVolumeButtons (from `../../node_modules/@capacitor-community/volume-buttons`)"
  - "CapacitorCordova (from `../../node_modules/@capacitor/ios`)"
  - "CapacitorDialog (from `../../node_modules/@capacitor/dialog`)"
  - "CapacitorHaptics (from `../../node_modules/@capacitor/haptics`)"
  - "CapacitorNetwork (from `../../node_modules/@capacitor/network`)"
  - "CapacitorPreferences (from `../../node_modules/@capacitor/preferences`)"
  - "CapacitorStatusBar (from `../../node_modules/@capacitor/status-bar`)"
  - CordovaPlugins (from `../capacitor-cordova-ios-plugins`)
  - RealmSwift (~> 10)
  - "WebnativellcCapacitorFilesharer (from `../../node_modules/@webnativellc/capacitor-filesharer`)"

SPEC REPOS:
  trunk:
    - Alamofire
    - Realm
    - RealmSwift

EXTERNAL SOURCES:
  Capacitor:
    :path: "../../node_modules/@capacitor/ios"
  CapacitorApp:
    :path: "../../node_modules/@capacitor/app"
  CapacitorBrowser:
    :path: "../../node_modules/@capacitor/browser"
  CapacitorClipboard:
    :path: "../../node_modules/@capacitor/clipboard"
  CapacitorCommunityKeepAwake:
    :path: "../../node_modules/@capacitor-community/keep-awake"
  CapacitorCommunityVolumeButtons:
    :path: "../../node_modules/@capacitor-community/volume-buttons"
  CapacitorCordova:
    :path: "../../node_modules/@capacitor/ios"
  CapacitorDialog:
    :path: "../../node_modules/@capacitor/dialog"
  CapacitorHaptics:
    :path: "../../node_modules/@capacitor/haptics"
  CapacitorNetwork:
    :path: "../../node_modules/@capacitor/network"
  CapacitorPreferences:
    :path: "../../node_modules/@capacitor/preferences"
  CapacitorStatusBar:
    :path: "../../node_modules/@capacitor/status-bar"
  CordovaPlugins:
    :path: "../capacitor-cordova-ios-plugins"
  WebnativellcCapacitorFilesharer:
    :path: "../../node_modules/@webnativellc/capacitor-filesharer"

SPEC CHECKSUMS:
  Alamofire: 7193b3b92c74a07f85569e1a6c4f4237291e7496
  Capacitor: 9d9e481b79ffaeacaf7a85d6a11adec32bd33b59
  CapacitorApp: febecbb9582cb353aed037e18ec765141f880fe9
  CapacitorBrowser: 6299776d496e968505464884d565992faa20444a
  CapacitorClipboard: 70bfdb42b877b320a6e511ab94fa7a6a55d57ecb
  CapacitorCommunityKeepAwake: 05c75aab989f60e621870cf03b24a144a5544c30
  CapacitorCommunityVolumeButtons: 1b84f7abf29cd9476cef9e8979b2854a64d2eed5
  CapacitorCordova: 5e58d04631bc5094894ac106e2bf1da18a9e6151
  CapacitorDialog: 0e09f242f6c3f5e82e4dc76b20f2a056be57a579
  CapacitorHaptics: 1f1e17041f435d8ead9ff2a34edd592c6aa6a8d6
  CapacitorNetwork: 15cb4385f0913a8ceb5e9a4d7af1ec554bdb8de8
  CapacitorPreferences: 6c98117d4d7508034a4af9db64d6b26fc75d7b94
  CapacitorStatusBar: 6e7af040d8fc4dd655999819625cae9c2d74c36f
  CordovaPlugins: 95eac86853855a619c56ec3f9c9f200edf89e8e7
  Realm: ac6ab7d43b76db2bdb48bbd097019bb621d860b8
  RealmSwift: 7c258367cc498594aa989b7d9620989a276ad7f4
  WebnativellcCapacitorFilesharer: e3a5930240633db3335040251d66aac6762ff111

PODFILE CHECKSUM: 9d24e8c94a2dbe7fb7dc3db8a15e0948e04134bd

COCOAPODS: 1.16.2
